// !$*UTF8*$!
{
	archiveVersion = 1;
	classes = {
	};
	objectVersion = 50;
	objects = {

/* Begin PBXBuildFile section */
		3A2363BF220C319B00AB839C /* UIImage+Resize.swift in Sources */ = {isa = PBXBuildFile; fileRef = 3A2363BE220C319B00AB839C /* UIImage+Resize.swift */; };
		3A392DEE21B7AB8F00B9BA8E /* LocationDetailsViewController.swift in Sources */ = {isa = PBXBuildFile; fileRef = 3A392DED21B7AB8F00B9BA8E /* LocationDetailsViewController.swift */; };
		3A3F1DE321DE065600BD095E /* LocationsViewController.swift in Sources */ = {isa = PBXBuildFile; fileRef = 3A3F1DE221DE065600BD095E /* LocationsViewController.swift */; };
		3A3F1DE521DE11C200BD095E /* LocationCell.swift in Sources */ = {isa = PBXBuildFile; fileRef = 3A3F1DE421DE11C200BD095E /* LocationCell.swift */; };
		3A450538220D2E83009DC33D /* String+AddText.swift in Sources */ = {isa = PBXBuildFile; fileRef = 3A450537220D2E83009DC33D /* String+AddText.swift */; };
		3A45053A220D3A02009DC33D /* MyTabBarController.swift in Sources */ = {isa = PBXBuildFile; fileRef = 3A450539220D3A02009DC33D /* MyTabBarController.swift */; };
		3A45053C220D3A98009DC33D /* MyImagePickerController.swift in Sources */ = {isa = PBXBuildFile; fileRef = 3A45053B220D3A98009DC33D /* MyImagePickerController.swift */; };
		3A48C89521C8DFC1001413A6 /* CategoryPickerViewController.swift in Sources */ = {isa = PBXBuildFile; fileRef = 3A48C89421C8DFC1001413A6 /* CategoryPickerViewController.swift */; };
		3A48C89721C92396001413A6 /* HudView.swift in Sources */ = {isa = PBXBuildFile; fileRef = 3A48C89621C92396001413A6 /* HudView.swift */; };
		3A4A219A21CCEC6700ED63F1 /* DataModel.xcdatamodeld in Sources */ = {isa = PBXBuildFile; fileRef = 3A4A219821CCEC6700ED63F1 /* DataModel.xcdatamodeld */; };
		3A4A219D21CCEF2500ED63F1 /* Location+CoreDataClass.swift in Sources */ = {isa = PBXBuildFile; fileRef = 3A4A219B21CCEF2500ED63F1 /* Location+CoreDataClass.swift */; };
		3A4A219E21CCEF2500ED63F1 /* Location+CoreDataProperties.swift in Sources */ = {isa = PBXBuildFile; fileRef = 3A4A219C21CCEF2500ED63F1 /* Location+CoreDataProperties.swift */; };
		3A85C49F21EB200F00D3DF35 /* MapViewController.swift in Sources */ = {isa = PBXBuildFile; fileRef = 3A85C49E21EB200F00D3DF35 /* MapViewController.swift */; };
		3A93E2BF21CCC151008D4DA9 /* Functions.swift in Sources */ = {isa = PBXBuildFile; fileRef = 3A93E2BE21CCC151008D4DA9 /* Functions.swift */; };
		3A9CAA4D220DC06200E067A0 /* Sound in Resources */ = {isa = PBXBuildFile; fileRef = 3A9CAA4C220DC06200E067A0 /* Sound */; };
		3AB7379F21B2708400686CF6 /* AppDelegate.swift in Sources */ = {isa = PBXBuildFile; fileRef = 3AB7379E21B2708400686CF6 /* AppDelegate.swift */; };
		3AB737A121B2708400686CF6 /* CurrentLocationViewController.swift in Sources */ = {isa = PBXBuildFile; fileRef = 3AB737A021B2708400686CF6 /* CurrentLocationViewController.swift */; };
		3AB737A621B2708400686CF6 /* Main.storyboard in Resources */ = {isa = PBXBuildFile; fileRef = 3AB737A421B2708400686CF6 /* Main.storyboard */; };
		3AB737A821B2708500686CF6 /* Assets.xcassets in Resources */ = {isa = PBXBuildFile; fileRef = 3AB737A721B2708500686CF6 /* Assets.xcassets */; };
/* End PBXBuildFile section */

/* Begin PBXFileReference section */
		3A2363BE220C319B00AB839C /* UIImage+Resize.swift */ = {isa = PBXFileReference; lastKnownFileType = sourcecode.swift; path = "UIImage+Resize.swift"; sourceTree = "<group>"; };
		3A392DED21B7AB8F00B9BA8E /* LocationDetailsViewController.swift */ = {isa = PBXFileReference; lastKnownFileType = sourcecode.swift; path = LocationDetailsViewController.swift; sourceTree = "<group>"; };
		3A3F1DE221DE065600BD095E /* LocationsViewController.swift */ = {isa = PBXFileReference; lastKnownFileType = sourcecode.swift; path = LocationsViewController.swift; sourceTree = "<group>"; };
		3A3F1DE421DE11C200BD095E /* LocationCell.swift */ = {isa = PBXFileReference; lastKnownFileType = sourcecode.swift; path = LocationCell.swift; sourceTree = "<group>"; };
		3A450537220D2E83009DC33D /* String+AddText.swift */ = {isa = PBXFileReference; lastKnownFileType = sourcecode.swift; path = "String+AddText.swift"; sourceTree = "<group>"; };
		3A450539220D3A02009DC33D /* MyTabBarController.swift */ = {isa = PBXFileReference; lastKnownFileType = sourcecode.swift; path = MyTabBarController.swift; sourceTree = "<group>"; };
		3A45053B220D3A98009DC33D /* MyImagePickerController.swift */ = {isa = PBXFileReference; lastKnownFileType = sourcecode.swift; path = MyImagePickerController.swift; sourceTree = "<group>"; };
		3A48C89421C8DFC1001413A6 /* CategoryPickerViewController.swift */ = {isa = PBXFileReference; lastKnownFileType = sourcecode.swift; path = CategoryPickerViewController.swift; sourceTree = "<group>"; };
		3A48C89621C92396001413A6 /* HudView.swift */ = {isa = PBXFileReference; lastKnownFileType = sourcecode.swift; path = HudView.swift; sourceTree = "<group>"; };
		3A4A219921CCEC6700ED63F1 /* DataModel.xcdatamodel */ = {isa = PBXFileReference; lastKnownFileType = wrapper.xcdatamodel; path = DataModel.xcdatamodel; sourceTree = "<group>"; };
		3A4A219B21CCEF2500ED63F1 /* Location+CoreDataClass.swift */ = {isa = PBXFileReference; lastKnownFileType = sourcecode.swift; path = "Location+CoreDataClass.swift"; sourceTree = "<group>"; };
		3A4A219C21CCEF2500ED63F1 /* Location+CoreDataProperties.swift */ = {isa = PBXFileReference; lastKnownFileType = sourcecode.swift; path = "Location+CoreDataProperties.swift"; sourceTree = "<group>"; };
		3A85C49E21EB200F00D3DF35 /* MapViewController.swift */ = {isa = PBXFileReference; lastKnownFileType = sourcecode.swift; path = MapViewController.swift; sourceTree = "<group>"; };
		3A93E2BE21CCC151008D4DA9 /* Functions.swift */ = {isa = PBXFileReference; lastKnownFileType = sourcecode.swift; path = Functions.swift; sourceTree = "<group>"; };
		3A9CAA4C220DC06200E067A0 /* Sound */ = {isa = PBXFileReference; lastKnownFileType = folder; path = Sound; sourceTree = "<group>"; };
		3AB7379B21B2708400686CF6 /* MyLocation.app */ = {isa = PBXFileReference; explicitFileType = wrapper.application; includeInIndex = 0; path = MyLocation.app; sourceTree = BUILT_PRODUCTS_DIR; };
		3AB7379E21B2708400686CF6 /* AppDelegate.swift */ = {isa = PBXFileReference; lastKnownFileType = sourcecode.swift; path = AppDelegate.swift; sourceTree = "<group>"; };
		3AB737A021B2708400686CF6 /* CurrentLocationViewController.swift */ = {isa = PBXFileReference; lastKnownFileType = sourcecode.swift; path = CurrentLocationViewController.swift; sourceTree = "<group>"; };
		3AB737A521B2708400686CF6 /* Base */ = {isa = PBXFileReference; lastKnownFileType = file.storyboard; name = Base; path = Base.lproj/Main.storyboard; sourceTree = "<group>"; };
		3AB737A721B2708500686CF6 /* Assets.xcassets */ = {isa = PBXFileReference; lastKnownFileType = folder.assetcatalog; path = Assets.xcassets; sourceTree = "<group>"; };
		3AB737AC21B2708500686CF6 /* Info.plist */ = {isa = PBXFileReference; lastKnownFileType = text.plist.xml; path = Info.plist; sourceTree = "<group>"; };
/* End PBXFileReference section */

/* Begin PBXFrameworksBuildPhase section */
		3AB7379821B2708400686CF6 /* Frameworks */ = {
			isa = PBXFrameworksBuildPhase;
			buildActionMask = 2147483647;
			files = (
			);
			runOnlyForDeploymentPostprocessing = 0;
		};
/* End PBXFrameworksBuildPhase section */

/* Begin PBXGroup section */
		3AB7379221B2708400686CF6 = {
			isa = PBXGroup;
			children = (
				3A2363BE220C319B00AB839C /* UIImage+Resize.swift */,
				3A4A219B21CCEF2500ED63F1 /* Location+CoreDataClass.swift */,
				3A4A219C21CCEF2500ED63F1 /* Location+CoreDataProperties.swift */,
				3AB7379D21B2708400686CF6 /* MyLocation */,
				3AB7379C21B2708400686CF6 /* Products */,
			);
			sourceTree = "<group>";
		};
		3AB7379C21B2708400686CF6 /* Products */ = {
			isa = PBXGroup;
			children = (
				3AB7379B21B2708400686CF6 /* MyLocation.app */,
			);
			name = Products;
			sourceTree = "<group>";
		};
		3AB7379D21B2708400686CF6 /* MyLocation */ = {
			isa = PBXGroup;
			children = (
				3AB7379E21B2708400686CF6 /* AppDelegate.swift */,
				3AB737A721B2708500686CF6 /* Assets.xcassets */,
				3A48C89421C8DFC1001413A6 /* CategoryPickerViewController.swift */,
				3AB737A021B2708400686CF6 /* CurrentLocationViewController.swift */,
				3A4A219821CCEC6700ED63F1 /* DataModel.xcdatamodeld */,
				3A93E2BE21CCC151008D4DA9 /* Functions.swift */,
				3A48C89621C92396001413A6 /* HudView.swift */,
				3AB737AC21B2708500686CF6 /* Info.plist */,
				3A392DED21B7AB8F00B9BA8E /* LocationDetailsViewController.swift */,
				3AB737A421B2708400686CF6 /* Main.storyboard */,
				3A9CAA4C220DC06200E067A0 /* Sound */,
				3A3F1DE221DE065600BD095E /* LocationsViewController.swift */,
				3A3F1DE421DE11C200BD095E /* LocationCell.swift */,
				3A85C49E21EB200F00D3DF35 /* MapViewController.swift */,
				3A450537220D2E83009DC33D /* String+AddText.swift */,
				3A450539220D3A02009DC33D /* MyTabBarController.swift */,
				3A45053B220D3A98009DC33D /* MyImagePickerController.swift */,
			);
			path = MyLocation;
			sourceTree = "<group>";
		};
/* End PBXGroup section */

/* Begin PBXNativeTarget section */
		3AB7379A21B2708400686CF6 /* MyLocation */ = {
			isa = PBXNativeTarget;
			buildConfigurationList = 3AB737AF21B2708500686CF6 /* Build configuration list for PBXNativeTarget "MyLocation" */;
			buildPhases = (
				3AB7379721B2708400686CF6 /* Sources */,
				3AB7379821B2708400686CF6 /* Frameworks */,
				3AB7379921B2708400686CF6 /* Resources */,
			);
			buildRules = (
			);
			dependencies = (
			);
			name = MyLocation;
			productName = MyLocation;
			productReference = 3AB7379B21B2708400686CF6 /* MyLocation.app */;
			productType = "com.apple.product-type.application";
		};
/* End PBXNativeTarget section */

/* Begin PBXProject section */
		3AB7379321B2708400686CF6 /* Project object */ = {
			isa = PBXProject;
			attributes = {
				LastSwiftUpdateCheck = 1010;
				LastUpgradeCheck = 1010;
				ORGANIZATIONNAME = "Phi Hoang Huy";
				TargetAttributes = {
					3AB7379A21B2708400686CF6 = {
						CreatedOnToolsVersion = 10.1;
					};
				};
			};
			buildConfigurationList = 3AB7379621B2708400686CF6 /* Build configuration list for PBXProject "MyLocation" */;
			compatibilityVersion = "Xcode 9.3";
			developmentRegion = en;
			hasScannedForEncodings = 0;
			knownRegions = (
				en,
				Base,
			);
			mainGroup = 3AB7379221B2708400686CF6;
			productRefGroup = 3AB7379C21B2708400686CF6 /* Products */;
			projectDirPath = "";
			projectRoot = "";
			targets = (
				3AB7379A21B2708400686CF6 /* MyLocation */,
			);
		};
/* End PBXProject section */

/* Begin PBXResourcesBuildPhase section */
		3AB7379921B2708400686CF6 /* Resources */ = {
			isa = PBXResourcesBuildPhase;
			buildActionMask = 2147483647;
			files = (
				3AB737A821B2708500686CF6 /* Assets.xcassets in Resources */,
				3A9CAA4D220DC06200E067A0 /* Sound in Resources */,
				3AB737A621B2708400686CF6 /* Main.storyboard in Resources */,
			);
			runOnlyForDeploymentPostprocessing = 0;
		};
/* End PBXResourcesBuildPhase section */

/* Begin PBXSourcesBuildPhase section */
		3AB7379721B2708400686CF6 /* Sources */ = {
			isa = PBXSourcesBuildPhase;
			buildActionMask = 2147483647;
			files = (
				3A3F1DE521DE11C200BD095E /* LocationCell.swift in Sources */,
				3A392DEE21B7AB8F00B9BA8E /* LocationDetailsViewController.swift in Sources */,
				3A4A219A21CCEC6700ED63F1 /* DataModel.xcdatamodeld in Sources */,
				3A45053C220D3A98009DC33D /* MyImagePickerController.swift in Sources */,
				3A48C89721C92396001413A6 /* HudView.swift in Sources */,
				3A3F1DE321DE065600BD095E /* LocationsViewController.swift in Sources */,
				3A2363BF220C319B00AB839C /* UIImage+Resize.swift in Sources */,
				3A4A219E21CCEF2500ED63F1 /* Location+CoreDataProperties.swift in Sources */,
				3A93E2BF21CCC151008D4DA9 /* Functions.swift in Sources */,
				3A85C49F21EB200F00D3DF35 /* MapViewController.swift in Sources */,
				3A450538220D2E83009DC33D /* String+AddText.swift in Sources */,
				3AB7379F21B2708400686CF6 /* AppDelegate.swift in Sources */,
				3A4A219D21CCEF2500ED63F1 /* Location+CoreDataClass.swift in Sources */,
				3A48C89521C8DFC1001413A6 /* CategoryPickerViewController.swift in Sources */,
				3AB737A121B2708400686CF6 /* CurrentLocationViewController.swift in Sources */,
				3A45053A220D3A02009DC33D /* MyTabBarController.swift in Sources */,
			);
			runOnlyForDeploymentPostprocessing = 0;
		};
/* End PBXSourcesBuildPhase section */

/* Begin PBXVariantGroup section */
		3AB737A421B2708400686CF6 /* Main.storyboard */ = {
			isa = PBXVariantGroup;
			children = (
				3AB737A521B2708400686CF6 /* Base */,
			);
			name = Main.storyboard;
			sourceTree = "<group>";
		};
/* End PBXVariantGroup section */

/* Begin XCBuildConfiguration section */
		3AB737AD21B2708500686CF6 /* Debug */ = {
			isa = XCBuildConfiguration;
			buildSettings = {
				ALWAYS_SEARCH_USER_PATHS = NO;
				CLANG_ANALYZER_NONNULL = YES;
				CLANG_ANALYZER_NUMBER_OBJECT_CONVERSION = YES_AGGRESSIVE;
				CLANG_CXX_LANGUAGE_STANDARD = "gnu++14";
				CLANG_CXX_LIBRARY = "libc++";
				CLANG_ENABLE_MODULES = YES;
				CLANG_ENABLE_OBJC_ARC = YES;
				CLANG_ENABLE_OBJC_WEAK = YES;
				CLANG_WARN_BLOCK_CAPTURE_AUTORELEASING = YES;
				CLANG_WARN_BOOL_CONVERSION = YES;
				CLANG_WARN_COMMA = YES;
				CLANG_WARN_CONSTANT_CONVERSION = YES;
				CLANG_WARN_DEPRECATED_OBJC_IMPLEMENTATIONS = YES;
				CLANG_WARN_DIRECT_OBJC_ISA_USAGE = YES_ERROR;
				CLANG_WARN_DOCUMENTATION_COMMENTS = YES;
				CLANG_WARN_EMPTY_BODY = YES;
				CLANG_WARN_ENUM_CONVERSION = YES;
				CLANG_WARN_INFINITE_RECURSION = YES;
				CLANG_WARN_INT_CONVERSION = YES;
				CLANG_WARN_NON_LITERAL_NULL_CONVERSION = YES;
				CLANG_WARN_OBJC_IMPLICIT_RETAIN_SELF = YES;
				CLANG_WARN_OBJC_LITERAL_CONVERSION = YES;
				CLANG_WARN_OBJC_ROOT_CLASS = YES_ERROR;
				CLANG_WARN_RANGE_LOOP_ANALYSIS = YES;
				CLANG_WARN_STRICT_PROTOTYPES = YES;
				CLANG_WARN_SUSPICIOUS_MOVE = YES;
				CLANG_WARN_UNGUARDED_AVAILABILITY = YES_AGGRESSIVE;
				CLANG_WARN_UNREACHABLE_CODE = YES;
				CLANG_WARN__DUPLICATE_METHOD_MATCH = YES;
				CODE_SIGN_IDENTITY = "iPhone Developer";
				COPY_PHASE_STRIP = NO;
				DEBUG_INFORMATION_FORMAT = dwarf;
				ENABLE_STRICT_OBJC_MSGSEND = YES;
				ENABLE_TESTABILITY = YES;
				GCC_C_LANGUAGE_STANDARD = gnu11;
				GCC_DYNAMIC_NO_PIC = NO;
				GCC_NO_COMMON_BLOCKS = YES;
				GCC_OPTIMIZATION_LEVEL = 0;
				GCC_PREPROCESSOR_DEFINITIONS = (
					"DEBUG=1",
					"$(inherited)",
				);
				GCC_WARN_64_TO_32_BIT_CONVERSION = YES;
				GCC_WARN_ABOUT_RETURN_TYPE = YES_ERROR;
				GCC_WARN_UNDECLARED_SELECTOR = YES;
				GCC_WARN_UNINITIALIZED_AUTOS = YES_AGGRESSIVE;
				GCC_WARN_UNUSED_FUNCTION = YES;
				GCC_WARN_UNUSED_VARIABLE = YES;
				IPHONEOS_DEPLOYMENT_TARGET = 12.1;
				MTL_ENABLE_DEBUG_INFO = INCLUDE_SOURCE;
				MTL_FAST_MATH = YES;
				ONLY_ACTIVE_ARCH = YES;
				SDKROOT = iphoneos;
				SWIFT_ACTIVE_COMPILATION_CONDITIONS = DEBUG;
				SWIFT_OPTIMIZATION_LEVEL = "-Onone";
			};
			name = Debug;
		};
		3AB737AE21B2708500686CF6 /* Release */ = {
			isa = XCBuildConfiguration;
			buildSettings = {
				ALWAYS_SEARCH_USER_PATHS = NO;
				CLANG_ANALYZER_NONNULL = YES;
				CLANG_ANALYZER_NUMBER_OBJECT_CONVERSION = YES_AGGRESSIVE;
				CLANG_CXX_LANGUAGE_STANDARD = "gnu++14";
				CLANG_CXX_LIBRARY = "libc++";
				CLANG_ENABLE_MODULES = YES;
				CLANG_ENABLE_OBJC_ARC = YES;
				CLANG_ENABLE_OBJC_WEAK = YES;
				CLANG_WARN_BLOCK_CAPTURE_AUTORELEASING = YES;
				CLANG_WARN_BOOL_CONVERSION = YES;
				CLANG_WARN_COMMA = YES;
				CLANG_WARN_CONSTANT_CONVERSION = YES;
				CLANG_WARN_DEPRECATED_OBJC_IMPLEMENTATIONS = YES;
				CLANG_WARN_DIRECT_OBJC_ISA_USAGE = YES_ERROR;
				CLANG_WARN_DOCUMENTATION_COMMENTS = YES;
				CLANG_WARN_EMPTY_BODY = YES;
				CLANG_WARN_ENUM_CONVERSION = YES;
				CLANG_WARN_INFINITE_RECURSION = YES;
				CLANG_WARN_INT_CONVERSION = YES;
				CLANG_WARN_NON_LITERAL_NULL_CONVERSION = YES;
				CLANG_WARN_OBJC_IMPLICIT_RETAIN_SELF = YES;
				CLANG_WARN_OBJC_LITERAL_CONVERSION = YES;
				CLANG_WARN_OBJC_ROOT_CLASS = YES_ERROR;
				CLANG_WARN_RANGE_LOOP_ANALYSIS = YES;
				CLANG_WARN_STRICT_PROTOTYPES = YES;
				CLANG_WARN_SUSPICIOUS_MOVE = YES;
				CLANG_WARN_UNGUARDED_AVAILABILITY = YES_AGGRESSIVE;
				CLANG_WARN_UNREACHABLE_CODE = YES;
				CLANG_WARN__DUPLICATE_METHOD_MATCH = YES;
				CODE_SIGN_IDENTITY = "iPhone Developer";
				COPY_PHASE_STRIP = NO;
				DEBUG_INFORMATION_FORMAT = "dwarf-with-dsym";
				ENABLE_NS_ASSERTIONS = NO;
				ENABLE_STRICT_OBJC_MSGSEND = YES;
				GCC_C_LANGUAGE_STANDARD = gnu11;
				GCC_NO_COMMON_BLOCKS = YES;
				GCC_WARN_64_TO_32_BIT_CONVERSION = YES;
				GCC_WARN_ABOUT_RETURN_TYPE = YES_ERROR;
				GCC_WARN_UNDECLARED_SELECTOR = YES;
				GCC_WARN_UNINITIALIZED_AUTOS = YES_AGGRESSIVE;
				GCC_WARN_UNUSED_FUNCTION = YES;
				GCC_WARN_UNUSED_VARIABLE = YES;
				IPHONEOS_DEPLOYMENT_TARGET = 12.1;
				MTL_ENABLE_DEBUG_INFO = NO;
				MTL_FAST_MATH = YES;
				SDKROOT = iphoneos;
				SWIFT_COMPILATION_MODE = wholemodule;
				SWIFT_OPTIMIZATION_LEVEL = "-O";
				VALIDATE_PRODUCT = YES;
			};
			name = Release;
		};
		3AB737B021B2708500686CF6 /* Debug */ = {
			isa = XCBuildConfiguration;
			buildSettings = {
				ASSETCATALOG_COMPILER_APPICON_NAME = AppIcon;
				ASSETCATALOG_COMPILER_LAUNCHIMAGE_NAME = LaunchImage;
				CODE_SIGN_STYLE = Automatic;
				DEVELOPMENT_TEAM = CM3X78U468;
				INFOPLIST_FILE = MyLocation/Info.plist;
				LD_RUNPATH_SEARCH_PATHS = (
					"$(inherited)",
					"@executable_path/Frameworks",
				);
				PRODUCT_BUNDLE_IDENTIFIER = HoangHuyPhi.MyLocation;
				PRODUCT_NAME = "$(TARGET_NAME)";
				SWIFT_VERSION = 4.2;
				TARGETED_DEVICE_FAMILY = "1,2";
			};
			name = Debug;
		};
		3AB737B121B2708500686CF6 /* Release */ = {
			isa = XCBuildConfiguration;
			buildSettings = {
				ASSETCATALOG_COMPILER_APPICON_NAME = AppIcon;
				ASSETCATALOG_COMPILER_LAUNCHIMAGE_NAME = LaunchImage;
				CODE_SIGN_STYLE = Automatic;
				DEVELOPMENT_TEAM = CM3X78U468;
				INFOPLIST_FILE = MyLocation/Info.plist;
				LD_RUNPATH_SEARCH_PATHS = (
					"$(inherited)",
					"@executable_path/Frameworks",
				);
				PRODUCT_BUNDLE_IDENTIFIER = HoangHuyPhi.MyLocation;
				PRODUCT_NAME = "$(TARGET_NAME)";
				SWIFT_VERSION = 4.2;
				TARGETED_DEVICE_FAMILY = "1,2";
			};
			name = Release;
		};
/* End XCBuildConfiguration section */

/* Begin XCConfigurationList section */
		3AB7379621B2708400686CF6 /* Build configuration list for PBXProject "MyLocation" */ = {
			isa = XCConfigurationList;
			buildConfigurations = (
				3AB737AD21B2708500686CF6 /* Debug */,
				3AB737AE21B2708500686CF6 /* Release */,
			);
			defaultConfigurationIsVisible = 0;
			defaultConfigurationName = Release;
		};
		3AB737AF21B2708500686CF6 /* Build configuration list for PBXNativeTarget "MyLocation" */ = {
			isa = XCConfigurationList;
			buildConfigurations = (
				3AB737B021B2708500686CF6 /* Debug */,
				3AB737B121B2708500686CF6 /* Release */,
			);
			defaultConfigurationIsVisible = 0;
			defaultConfigurationName = Release;
		};
/* End XCConfigurationList section */

/* Begin XCVersionGroup section */
		3A4A219821CCEC6700ED63F1 /* DataModel.xcdatamodeld */ = {
			isa = XCVersionGroup;
			children = (
				3A4A219921CCEC6700ED63F1 /* DataModel.xcdatamodel */,
			);
			currentVersion = 3A4A219921CCEC6700ED63F1 /* DataModel.xcdatamodel */;
			path = DataModel.xcdatamodeld;
			sourceTree = "<group>";
			versionGroupType = wrapper.xcdatamodel;
		};
/* End XCVersionGroup section */
	};
	rootObject = 3AB7379321B2708400686CF6 /* Project object */;
}
